
Microsoft Visual Studio Solution File, Format Version 12.00
# Visual Studio Version 17
VisualStudioVersion = 17.4.33213.308
MinimumVisualStudioVersion = 10.0.40219.1
Project("{9A19103F-16F7-4668-BE54-9A1E7A4F7556}") = "PaintApp", "PaintApp.csproj", "{BBC662B0-2B27-492E-BE66-C743BF699FF6}"
EndProject
Project("{FAE04EC0-301F-11D3-BF4B-00C04F79EFBC}") = "FormApp", "..\FormApp\FormApp.csproj", "{653AFD46-B76E-44DA-A77C-8F8BB0924644}"
EndProject
Project("{FAE04EC0-301F-11D3-BF4B-00C04F79EFBC}") = "Bouns", "..\Bouns\Bouns.csproj", "{9C163777-53EE-45E6-A6FE-3EEE028F010D}"
EndProject
Global
	GlobalSection(SolutionConfigurationPlatforms) = preSolution
		Debug|Any CPU = Debug|Any CPU
		Release|Any CPU = Release|Any CPU
	EndGlobalSection
	GlobalSection(ProjectConfigurationPlatforms) = postSolution
		{BBC662B0-2B27-492E-BE66-C743BF699FF6}.Debug|Any CPU.ActiveCfg = Debug|Any CPU
		{BBC662B0-2B27-492E-BE66-C743BF699FF6}.Debug|Any CPU.Build.0 = Debug|Any CPU
		{BBC662B0-2B27-492E-BE66-C743BF699FF6}.Release|Any CPU.ActiveCfg = Release|Any CPU
		{BBC662B0-2B27-492E-BE66-C743BF699FF6}.Release|Any CPU.Build.0 = Release|Any CPU
		{653AFD46-B76E-44DA-A77C-8F8BB0924644}.Debug|Any CPU.ActiveCfg = Debug|Any CPU
		{653AFD46-B76E-44DA-A77C-8F8BB0924644}.Debug|Any CPU.Build.0 = Debug|Any CPU
		{653AFD46-B76E-44DA-A77C-8F8BB0924644}.Release|Any CPU.ActiveCfg = Release|Any CPU
		{653AFD46-B76E-44DA-A77C-8F8BB0924644}.Release|Any CPU.Build.0 = Release|Any CPU
		{9C163777-53EE-45E6-A6FE-3EEE028F010D}.Debug|Any CPU.ActiveCfg = Debug|Any CPU
		{9C163777-53EE-45E6-A6FE-3EEE028F010D}.Debug|Any CPU.Build.0 = Debug|Any CPU
		{9C163777-53EE-45E6-A6FE-3EEE028F010D}.Release|Any CPU.ActiveCfg = Release|Any CPU
		{9C163777-53EE-45E6-A6FE-3EEE028F010D}.Release|Any CPU.Build.0 = Release|Any CPU
	EndGlobalSection
	GlobalSection(SolutionProperties) = preSolution
		HideSolutionNode = FALSE
	EndGlobalSection
	GlobalSection(ExtensibilityGlobals) = postSolution
		SolutionGuid = {EB13924F-4750-4078-A59D-C996FE1911DC}
	EndGlobalSection
EndGlobal
