
Microsoft Visual Studio Solution File, Format Version 12.00
# Visual Studio Version 17
VisualStudioVersion = 17.4.33213.308
MinimumVisualStudioVersion = 10.0.40219.1
Project("{FAE04EC0-301F-11D3-BF4B-00C04F79EFBC}") = "CalculatorAPP", "CalculatorAPP\CalculatorAPP.csproj", "{170652FF-5BF2-4FD5-A87E-EFF3D7D80B58}"
EndProject
Global
	GlobalSection(SolutionConfigurationPlatforms) = preSolution
		Debug|Any CPU = Debug|Any CPU
		Release|Any CPU = Release|Any CPU
	EndGlobalSection
	GlobalSection(ProjectConfigurationPlatforms) = postSolution
		{170652FF-5BF2-4FD5-A87E-EFF3D7D80B58}.Debug|Any CPU.ActiveCfg = Debug|Any CPU
		{170652FF-5BF2-4FD5-A87E-EFF3D7D80B58}.Debug|Any CPU.Build.0 = Debug|Any CPU
		{170652FF-5BF2-4FD5-A87E-EFF3D7D80B58}.Release|Any CPU.ActiveCfg = Release|Any CPU
		{170652FF-5BF2-4FD5-A87E-EFF3D7D80B58}.Release|Any CPU.Build.0 = Release|Any CPU
	EndGlobalSection
	GlobalSection(SolutionProperties) = preSolution
		HideSolutionNode = FALSE
	EndGlobalSection
	GlobalSection(ExtensibilityGlobals) = postSolution
		SolutionGuid = {6936833C-8F5B-4413-B6D6-292EB3D15226}
	EndGlobalSection
EndGlobal
